
Microsoft Visual Studio Solution File, Format Version 12.00
# Visual Studio Version 17
VisualStudioVersion = 17.1.32328.378
MinimumVisualStudioVersion = 10.0.40219.1
Project("{FAE04EC0-301F-11D3-BF4B-00C04F79EFBC}") = "GameOfLifeConsole", "GameOfLifeConsole\GameOfLifeConsole.csproj", "{D734EFDF-F9E1-456F-8115-0C6D9ACB6D5E}"
EndProject
Project("{FAE04EC0-301F-11D3-BF4B-00C04F79EFBC}") = "GameOfLifeConsoleRandom", "GameOfLifeConsoleRandom\GameOfLifeConsoleRandom.csproj", "{04DAA936-FD82-4D1D-A974-6CE6FAEF21AA}"
EndProject
Global
	GlobalSection(SolutionConfigurationPlatforms) = preSolution
		Debug|Any CPU = Debug|Any CPU
		Release|Any CPU = Release|Any CPU
	EndGlobalSection
	GlobalSection(ProjectConfigurationPlatforms) = postSolution
		{D734EFDF-F9E1-456F-8115-0C6D9ACB6D5E}.Debug|Any CPU.ActiveCfg = Debug|Any CPU
		{D734EFDF-F9E1-456F-8115-0C6D9ACB6D5E}.Debug|Any CPU.Build.0 = Debug|Any CPU
		{D734EFDF-F9E1-456F-8115-0C6D9ACB6D5E}.Release|Any CPU.ActiveCfg = Release|Any CPU
		{D734EFDF-F9E1-456F-8115-0C6D9ACB6D5E}.Release|Any CPU.Build.0 = Release|Any CPU
		{04DAA936-FD82-4D1D-A974-6CE6FAEF21AA}.Debug|Any CPU.ActiveCfg = Debug|Any CPU
		{04DAA936-FD82-4D1D-A974-6CE6FAEF21AA}.Debug|Any CPU.Build.0 = Debug|Any CPU
		{04DAA936-FD82-4D1D-A974-6CE6FAEF21AA}.Release|Any CPU.ActiveCfg = Release|Any CPU
		{04DAA936-FD82-4D1D-A974-6CE6FAEF21AA}.Release|Any CPU.Build.0 = Release|Any CPU
	EndGlobalSection
	GlobalSection(SolutionProperties) = preSolution
		HideSolutionNode = FALSE
	EndGlobalSection
	GlobalSection(ExtensibilityGlobals) = postSolution
		SolutionGuid = {1324DDF0-9526-460C-BC9D-798B9F3CA88E}
	EndGlobalSection
EndGlobal
